// !$*UTF8*$!
{
	archiveVersion = 1;
	classes = {
	};
	objectVersion = 56;
	objects = {

/* Begin PBXBuildFile section */
		1F57DE6A2C4E799800E8CCBE /* NewReleaseCollectionViewCell.swift in Sources */ = {isa = PBXBuildFile; fileRef = 1F57DE692C4E799800E8CCBE /* NewReleaseCollectionViewCell.swift */; };
		1F57DE6C2C4E79F200E8CCBE /* FeaturedPlaylistCollectionViewCell.swift in Sources */ = {isa = PBXBuildFile; fileRef = 1F57DE6B2C4E79F200E8CCBE /* FeaturedPlaylistCollectionViewCell.swift */; };
		1F57DE6E2C4E7A1E00E8CCBE /* RecommendedTrackCollectionViewCell.swift in Sources */ = {isa = PBXBuildFile; fileRef = 1F57DE6D2C4E7A1E00E8CCBE /* RecommendedTrackCollectionViewCell.swift */; };
		1F57DE702C4E7BEB00E8CCBE /* NewReleasesCellViewModel.swift in Sources */ = {isa = PBXBuildFile; fileRef = 1F57DE6F2C4E7BEB00E8CCBE /* NewReleasesCellViewModel.swift */; };
		1F59D0AF2C6782D5002F4D82 /* SearchResult.swift in Sources */ = {isa = PBXBuildFile; fileRef = 1F59D0AE2C6782D5002F4D82 /* SearchResult.swift */; };
		1F6022A02C49211200A3E776 /* FeaturedPlaylistResponse.swift in Sources */ = {isa = PBXBuildFile; fileRef = 1F60229F2C49211200A3E776 /* FeaturedPlaylistResponse.swift */; };
		1F6022A22C4D11F100A3E776 /* RecommendedGenresResponse.swift in Sources */ = {isa = PBXBuildFile; fileRef = 1F6022A12C4D11F100A3E776 /* RecommendedGenresResponse.swift */; };
		1F6022A42C4D160200A3E776 /* RecommendationsResponse.swift in Sources */ = {isa = PBXBuildFile; fileRef = 1F6022A32C4D160200A3E776 /* RecommendationsResponse.swift */; };
		1F6266712C60E5EC001B77B0 /* CategoriesResponse.swift in Sources */ = {isa = PBXBuildFile; fileRef = 1F6266702C60E5EC001B77B0 /* CategoriesResponse.swift */; };
		1F6266732C60EC32001B77B0 /* CategoryCollectionViewCellViewModel.swift in Sources */ = {isa = PBXBuildFile; fileRef = 1F6266722C60EC32001B77B0 /* CategoryCollectionViewCellViewModel.swift */; };
		1F6266752C60EE9B001B77B0 /* CategoryViewController.swift in Sources */ = {isa = PBXBuildFile; fileRef = 1F6266742C60EE9B001B77B0 /* CategoryViewController.swift */; };
		1F63C1F22C453BDD00CBEA2D /* SettingsModel.swift in Sources */ = {isa = PBXBuildFile; fileRef = 1F63C1F12C453BDD00CBEA2D /* SettingsModel.swift */; };
		1F63CF222C5655E300821D6D /* PlaylistHeaderViewViewModel.swift in Sources */ = {isa = PBXBuildFile; fileRef = 1F63CF212C5655E300821D6D /* PlaylistHeaderViewViewModel.swift */; };
		1F63CF242C56656400821D6D /* TitleHeaderCollectionReusableView.swift in Sources */ = {isa = PBXBuildFile; fileRef = 1F63CF232C56656400821D6D /* TitleHeaderCollectionReusableView.swift */; };
		1F63F8852C79EFCF00FAE7F6 /* LibraryPlaylistsViewController.swift in Sources */ = {isa = PBXBuildFile; fileRef = 1F63F8842C79EFCF00FAE7F6 /* LibraryPlaylistsViewController.swift */; };
		1F63F8882C79F01F00FAE7F6 /* LibraryAlbumsViewController.swift in Sources */ = {isa = PBXBuildFile; fileRef = 1F63F8872C79F01F00FAE7F6 /* LibraryAlbumsViewController.swift */; };
		1F63F88A2C79FADF00FAE7F6 /* LibraryToggleView.swift in Sources */ = {isa = PBXBuildFile; fileRef = 1F63F8892C79FADF00FAE7F6 /* LibraryToggleView.swift */; };
		1F6607822C62504E00260964 /* SearchResultsResponse.swift in Sources */ = {isa = PBXBuildFile; fileRef = 1F6607812C62504E00260964 /* SearchResultsResponse.swift */; };
		1F6929032C5A62E000A93762 /* CategoryCollectionViewCell.swift in Sources */ = {isa = PBXBuildFile; fileRef = 1F6929022C5A62E000A93762 /* CategoryCollectionViewCell.swift */; };
		1F6ADFB22C47D36400B14C98 /* NewReleasesResponse.swift in Sources */ = {isa = PBXBuildFile; fileRef = 1F6ADFB12C47D36400B14C98 /* NewReleasesResponse.swift */; };
		1F6ADFB42C47E2EF00B14C98 /* APIImage.swift in Sources */ = {isa = PBXBuildFile; fileRef = 1F6ADFB32C47E2EF00B14C98 /* APIImage.swift */; };
		1F6B51672C50BD680025D3F1 /* FeaturedPlaylistCellViewModel.swift in Sources */ = {isa = PBXBuildFile; fileRef = 1F6B51662C50BD680025D3F1 /* FeaturedPlaylistCellViewModel.swift */; };
		1F6B51692C50BDBB0025D3F1 /* RecommendedTrackCellViewModel.swift in Sources */ = {isa = PBXBuildFile; fileRef = 1F6B51682C50BDBB0025D3F1 /* RecommendedTrackCellViewModel.swift */; };
		1F6B516B2C510DE10025D3F1 /* AlbumViewController.swift in Sources */ = {isa = PBXBuildFile; fileRef = 1F6B516A2C510DE10025D3F1 /* AlbumViewController.swift */; };
		1F6B516D2C5112300025D3F1 /* AlbumDetailsResponse.swift in Sources */ = {isa = PBXBuildFile; fileRef = 1F6B516C2C5112300025D3F1 /* AlbumDetailsResponse.swift */; };
		1F6B516F2C511D080025D3F1 /* PlaylistDetailsResponse.swift in Sources */ = {isa = PBXBuildFile; fileRef = 1F6B516E2C511D080025D3F1 /* PlaylistDetailsResponse.swift */; };
		1F6CC5EC2C87235800907DD5 /* LibraryAlbumsResponse.swift in Sources */ = {isa = PBXBuildFile; fileRef = 1F6CC5EB2C87235800907DD5 /* LibraryAlbumsResponse.swift */; };
		1F725F122C6ED67200C1AD2F /* SearchResultDefaultTableViewCell.swift in Sources */ = {isa = PBXBuildFile; fileRef = 1F725F112C6ED67200C1AD2F /* SearchResultDefaultTableViewCell.swift */; };
		1F725F142C6ED91800C1AD2F /* SearchResultDefaultTableViewCellViewModel.swift in Sources */ = {isa = PBXBuildFile; fileRef = 1F725F132C6ED91800C1AD2F /* SearchResultDefaultTableViewCellViewModel.swift */; };
		1F725F162C6EE16300C1AD2F /* SearchResultSubtitleTableViewCell.swift in Sources */ = {isa = PBXBuildFile; fileRef = 1F725F152C6EE16300C1AD2F /* SearchResultSubtitleTableViewCell.swift */; };
		1F725F182C6EE2BF00C1AD2F /* SearchResultSubtitleTableViewCellViewModel.swift in Sources */ = {isa = PBXBuildFile; fileRef = 1F725F172C6EE2BF00C1AD2F /* SearchResultSubtitleTableViewCellViewModel.swift */; };
		1F725F1B2C70946D00C1AD2F /* PlaybackPresenter.swift in Sources */ = {isa = PBXBuildFile; fileRef = 1F725F1A2C70946D00C1AD2F /* PlaybackPresenter.swift */; };
		1F725F1D2C7208C400C1AD2F /* PlayerControlsView.swift in Sources */ = {isa = PBXBuildFile; fileRef = 1F725F1C2C7208C400C1AD2F /* PlayerControlsView.swift */; };
		1F72F2142C53C1C400A8FD67 /* PlaylistHeaderCollectionReusableView.swift in Sources */ = {isa = PBXBuildFile; fileRef = 1F72F2132C53C1C400A8FD67 /* PlaylistHeaderCollectionReusableView.swift */; };
		1F7391C62C7B41A4003D367B /* LibraryPlaylistsResponse.swift in Sources */ = {isa = PBXBuildFile; fileRef = 1F7391C52C7B41A4003D367B /* LibraryPlaylistsResponse.swift */; };
		1F7391C82C7B449E003D367B /* ActionLabelView.swift in Sources */ = {isa = PBXBuildFile; fileRef = 1F7391C72C7B449E003D367B /* ActionLabelView.swift */; };
		1F9E161F2C59069500311FA7 /* AlbumTrackCollectionViewCell.swift in Sources */ = {isa = PBXBuildFile; fileRef = 1F9E161E2C59069500311FA7 /* AlbumTrackCollectionViewCell.swift */; };
		1F9E16212C59088E00311FA7 /* AlbumTrackViewModel.swift in Sources */ = {isa = PBXBuildFile; fileRef = 1F9E16202C59088E00311FA7 /* AlbumTrackViewModel.swift */; };
		1FDC6F9E2C3D07A600DCC511 /* AppDelegate.swift in Sources */ = {isa = PBXBuildFile; fileRef = 1FDC6F9D2C3D07A600DCC511 /* AppDelegate.swift */; };
		1FDC6FA02C3D07A600DCC511 /* SceneDelegate.swift in Sources */ = {isa = PBXBuildFile; fileRef = 1FDC6F9F2C3D07A600DCC511 /* SceneDelegate.swift */; };
		1FDC6FA22C3D07A600DCC511 /* HomeViewController.swift in Sources */ = {isa = PBXBuildFile; fileRef = 1FDC6FA12C3D07A600DCC511 /* HomeViewController.swift */; };
		1FDC6FA82C3D07A600DCC511 /* SpotifyCloneApp.xcdatamodeld in Sources */ = {isa = PBXBuildFile; fileRef = 1FDC6FA62C3D07A600DCC511 /* SpotifyCloneApp.xcdatamodeld */; };
		1FDC6FAA2C3D07A700DCC511 /* Assets.xcassets in Resources */ = {isa = PBXBuildFile; fileRef = 1FDC6FA92C3D07A700DCC511 /* Assets.xcassets */; };
		1FDC6FAD2C3D07A700DCC511 /* LaunchScreen.storyboard in Resources */ = {isa = PBXBuildFile; fileRef = 1FDC6FAB2C3D07A700DCC511 /* LaunchScreen.storyboard */; };
		1FDC6FBC2C3DFC0F00DCC511 /* TabBarViewController.swift in Sources */ = {isa = PBXBuildFile; fileRef = 1FDC6FBB2C3DFC0F00DCC511 /* TabBarViewController.swift */; };
		1FDC6FBE2C3DFC5200DCC511 /* SearchViewController.swift in Sources */ = {isa = PBXBuildFile; fileRef = 1FDC6FBD2C3DFC5200DCC511 /* SearchViewController.swift */; };
		1FDC6FC02C3DFC6A00DCC511 /* LibraryViewController.swift in Sources */ = {isa = PBXBuildFile; fileRef = 1FDC6FBF2C3DFC6A00DCC511 /* LibraryViewController.swift */; };
		1FDC6FC42C3DFCB200DCC511 /* AuthViewController.swift in Sources */ = {isa = PBXBuildFile; fileRef = 1FDC6FC32C3DFCB200DCC511 /* AuthViewController.swift */; };
		1FDC6FC62C3DFCCC00DCC511 /* WelcomeViewController.swift in Sources */ = {isa = PBXBuildFile; fileRef = 1FDC6FC52C3DFCCC00DCC511 /* WelcomeViewController.swift */; };
		1FDC6FC82C3DFCE400DCC511 /* SettingsViewController.swift in Sources */ = {isa = PBXBuildFile; fileRef = 1FDC6FC72C3DFCE400DCC511 /* SettingsViewController.swift */; };
		1FDC6FCA2C3DFCF600DCC511 /* ProfileViewController.swift in Sources */ = {isa = PBXBuildFile; fileRef = 1FDC6FC92C3DFCF600DCC511 /* ProfileViewController.swift */; };
		1FDC6FCC2C3DFD0200DCC511 /* PlayerViewController.swift in Sources */ = {isa = PBXBuildFile; fileRef = 1FDC6FCB2C3DFD0200DCC511 /* PlayerViewController.swift */; };
		1FDC6FCE2C3DFD1100DCC511 /* PlaylistViewController.swift in Sources */ = {isa = PBXBuildFile; fileRef = 1FDC6FCD2C3DFD1100DCC511 /* PlaylistViewController.swift */; };
		1FDC6FD02C3DFE4200DCC511 /* SearchResultsViewController.swift in Sources */ = {isa = PBXBuildFile; fileRef = 1FDC6FCF2C3DFE4200DCC511 /* SearchResultsViewController.swift */; };
		1FDC6FD22C3DFE7900DCC511 /* AuthManager.swift in Sources */ = {isa = PBXBuildFile; fileRef = 1FDC6FD12C3DFE7900DCC511 /* AuthManager.swift */; };
		1FDC6FD42C3DFE8D00DCC511 /* APICaller.swift in Sources */ = {isa = PBXBuildFile; fileRef = 1FDC6FD32C3DFE8D00DCC511 /* APICaller.swift */; };
		1FDC6FD62C3DFE9D00DCC511 /* HapticsManager.swift in Sources */ = {isa = PBXBuildFile; fileRef = 1FDC6FD52C3DFE9D00DCC511 /* HapticsManager.swift */; };
		1FDC6FD82C3DFEC300DCC511 /* PlayList.swift in Sources */ = {isa = PBXBuildFile; fileRef = 1FDC6FD72C3DFEC300DCC511 /* PlayList.swift */; };
		1FDC6FDA2C3DFEE700DCC511 /* AudioTrack.swift in Sources */ = {isa = PBXBuildFile; fileRef = 1FDC6FD92C3DFEE700DCC511 /* AudioTrack.swift */; };
		1FDC6FDC2C3DFF0200DCC511 /* Artist.swift in Sources */ = {isa = PBXBuildFile; fileRef = 1FDC6FDB2C3DFF0200DCC511 /* Artist.swift */; };
		1FDC6FDE2C3DFF0E00DCC511 /* UserProfile.swift in Sources */ = {isa = PBXBuildFile; fileRef = 1FDC6FDD2C3DFF0E00DCC511 /* UserProfile.swift */; };
		1FDC6FE02C3E0E5E00DCC511 /* Extensions.swift in Sources */ = {isa = PBXBuildFile; fileRef = 1FDC6FDF2C3E0E5E00DCC511 /* Extensions.swift */; };
		1FDC6FE22C42A6EF00DCC511 /* AuthResponse.swift in Sources */ = {isa = PBXBuildFile; fileRef = 1FDC6FE12C42A6EF00DCC511 /* AuthResponse.swift */; };
		E5A10CC08E7635DE4DB80784 /* Pods_SpotifyCloneApp.framework in Frameworks */ = {isa = PBXBuildFile; fileRef = D1FF9E95753FEEB0101A8241 /* Pods_SpotifyCloneApp.framework */; };
/* End PBXBuildFile section */

/* Begin PBXFileReference section */
		1F57DE692C4E799800E8CCBE /* NewReleaseCollectionViewCell.swift */ = {isa = PBXFileReference; lastKnownFileType = sourcecode.swift; path = NewReleaseCollectionViewCell.swift; sourceTree = "<group>"; };
		1F57DE6B2C4E79F200E8CCBE /* FeaturedPlaylistCollectionViewCell.swift */ = {isa = PBXFileReference; lastKnownFileType = sourcecode.swift; path = FeaturedPlaylistCollectionViewCell.swift; sourceTree = "<group>"; };
		1F57DE6D2C4E7A1E00E8CCBE /* RecommendedTrackCollectionViewCell.swift */ = {isa = PBXFileReference; lastKnownFileType = sourcecode.swift; path = RecommendedTrackCollectionViewCell.swift; sourceTree = "<group>"; };
		1F57DE6F2C4E7BEB00E8CCBE /* NewReleasesCellViewModel.swift */ = {isa = PBXFileReference; lastKnownFileType = sourcecode.swift; path = NewReleasesCellViewModel.swift; sourceTree = "<group>"; };
		1F59D0AE2C6782D5002F4D82 /* SearchResult.swift */ = {isa = PBXFileReference; lastKnownFileType = sourcecode.swift; path = SearchResult.swift; sourceTree = "<group>"; };
		1F60229F2C49211200A3E776 /* FeaturedPlaylistResponse.swift */ = {isa = PBXFileReference; lastKnownFileType = sourcecode.swift; path = FeaturedPlaylistResponse.swift; sourceTree = "<group>"; };
		1F6022A12C4D11F100A3E776 /* RecommendedGenresResponse.swift */ = {isa = PBXFileReference; lastKnownFileType = sourcecode.swift; path = RecommendedGenresResponse.swift; sourceTree = "<group>"; };
		1F6022A32C4D160200A3E776 /* RecommendationsResponse.swift */ = {isa = PBXFileReference; lastKnownFileType = sourcecode.swift; path = RecommendationsResponse.swift; sourceTree = "<group>"; };
		1F6266702C60E5EC001B77B0 /* CategoriesResponse.swift */ = {isa = PBXFileReference; lastKnownFileType = sourcecode.swift; path = CategoriesResponse.swift; sourceTree = "<group>"; };
		1F6266722C60EC32001B77B0 /* CategoryCollectionViewCellViewModel.swift */ = {isa = PBXFileReference; lastKnownFileType = sourcecode.swift; path = CategoryCollectionViewCellViewModel.swift; sourceTree = "<group>"; };
		1F6266742C60EE9B001B77B0 /* CategoryViewController.swift */ = {isa = PBXFileReference; lastKnownFileType = sourcecode.swift; path = CategoryViewController.swift; sourceTree = "<group>"; };
		1F63C1F12C453BDD00CBEA2D /* SettingsModel.swift */ = {isa = PBXFileReference; lastKnownFileType = sourcecode.swift; path = SettingsModel.swift; sourceTree = "<group>"; };
		1F63CF212C5655E300821D6D /* PlaylistHeaderViewViewModel.swift */ = {isa = PBXFileReference; lastKnownFileType = sourcecode.swift; path = PlaylistHeaderViewViewModel.swift; sourceTree = "<group>"; };
		1F63CF232C56656400821D6D /* TitleHeaderCollectionReusableView.swift */ = {isa = PBXFileReference; lastKnownFileType = sourcecode.swift; path = TitleHeaderCollectionReusableView.swift; sourceTree = "<group>"; };
		1F63F8842C79EFCF00FAE7F6 /* LibraryPlaylistsViewController.swift */ = {isa = PBXFileReference; lastKnownFileType = sourcecode.swift; path = LibraryPlaylistsViewController.swift; sourceTree = "<group>"; };
		1F63F8872C79F01F00FAE7F6 /* LibraryAlbumsViewController.swift */ = {isa = PBXFileReference; lastKnownFileType = sourcecode.swift; path = LibraryAlbumsViewController.swift; sourceTree = "<group>"; };
		1F63F8892C79FADF00FAE7F6 /* LibraryToggleView.swift */ = {isa = PBXFileReference; lastKnownFileType = sourcecode.swift; path = LibraryToggleView.swift; sourceTree = "<group>"; };
		1F6607812C62504E00260964 /* SearchResultsResponse.swift */ = {isa = PBXFileReference; lastKnownFileType = sourcecode.swift; path = SearchResultsResponse.swift; sourceTree = "<group>"; };
		1F6929022C5A62E000A93762 /* CategoryCollectionViewCell.swift */ = {isa = PBXFileReference; lastKnownFileType = sourcecode.swift; path = CategoryCollectionViewCell.swift; sourceTree = "<group>"; };
		1F6ADFB12C47D36400B14C98 /* NewReleasesResponse.swift */ = {isa = PBXFileReference; lastKnownFileType = sourcecode.swift; path = NewReleasesResponse.swift; sourceTree = "<group>"; };
		1F6ADFB32C47E2EF00B14C98 /* APIImage.swift */ = {isa = PBXFileReference; lastKnownFileType = sourcecode.swift; path = APIImage.swift; sourceTree = "<group>"; };
		1F6B51662C50BD680025D3F1 /* FeaturedPlaylistCellViewModel.swift */ = {isa = PBXFileReference; lastKnownFileType = sourcecode.swift; path = FeaturedPlaylistCellViewModel.swift; sourceTree = "<group>"; };
		1F6B51682C50BDBB0025D3F1 /* RecommendedTrackCellViewModel.swift */ = {isa = PBXFileReference; lastKnownFileType = sourcecode.swift; path = RecommendedTrackCellViewModel.swift; sourceTree = "<group>"; };
		1F6B516A2C510DE10025D3F1 /* AlbumViewController.swift */ = {isa = PBXFileReference; lastKnownFileType = sourcecode.swift; path = AlbumViewController.swift; sourceTree = "<group>"; };
		1F6B516C2C5112300025D3F1 /* AlbumDetailsResponse.swift */ = {isa = PBXFileReference; lastKnownFileType = sourcecode.swift; path = AlbumDetailsResponse.swift; sourceTree = "<group>"; };
		1F6B516E2C511D080025D3F1 /* PlaylistDetailsResponse.swift */ = {isa = PBXFileReference; lastKnownFileType = sourcecode.swift; path = PlaylistDetailsResponse.swift; sourceTree = "<group>"; };
		1F6CC5EB2C87235800907DD5 /* LibraryAlbumsResponse.swift */ = {isa = PBXFileReference; lastKnownFileType = sourcecode.swift; path = LibraryAlbumsResponse.swift; sourceTree = "<group>"; };
		1F725F112C6ED67200C1AD2F /* SearchResultDefaultTableViewCell.swift */ = {isa = PBXFileReference; lastKnownFileType = sourcecode.swift; path = SearchResultDefaultTableViewCell.swift; sourceTree = "<group>"; };
		1F725F132C6ED91800C1AD2F /* SearchResultDefaultTableViewCellViewModel.swift */ = {isa = PBXFileReference; lastKnownFileType = sourcecode.swift; path = SearchResultDefaultTableViewCellViewModel.swift; sourceTree = "<group>"; };
		1F725F152C6EE16300C1AD2F /* SearchResultSubtitleTableViewCell.swift */ = {isa = PBXFileReference; lastKnownFileType = sourcecode.swift; path = SearchResultSubtitleTableViewCell.swift; sourceTree = "<group>"; };
		1F725F172C6EE2BF00C1AD2F /* SearchResultSubtitleTableViewCellViewModel.swift */ = {isa = PBXFileReference; lastKnownFileType = sourcecode.swift; path = SearchResultSubtitleTableViewCellViewModel.swift; sourceTree = "<group>"; };
		1F725F1A2C70946D00C1AD2F /* PlaybackPresenter.swift */ = {isa = PBXFileReference; lastKnownFileType = sourcecode.swift; path = PlaybackPresenter.swift; sourceTree = "<group>"; };
		1F725F1C2C7208C400C1AD2F /* PlayerControlsView.swift */ = {isa = PBXFileReference; lastKnownFileType = sourcecode.swift; path = PlayerControlsView.swift; sourceTree = "<group>"; };
		1F72F2132C53C1C400A8FD67 /* PlaylistHeaderCollectionReusableView.swift */ = {isa = PBXFileReference; lastKnownFileType = sourcecode.swift; path = PlaylistHeaderCollectionReusableView.swift; sourceTree = "<group>"; };
		1F7391C52C7B41A4003D367B /* LibraryPlaylistsResponse.swift */ = {isa = PBXFileReference; lastKnownFileType = sourcecode.swift; path = LibraryPlaylistsResponse.swift; sourceTree = "<group>"; };
		1F7391C72C7B449E003D367B /* ActionLabelView.swift */ = {isa = PBXFileReference; lastKnownFileType = sourcecode.swift; path = ActionLabelView.swift; sourceTree = "<group>"; };
		1F9E161E2C59069500311FA7 /* AlbumTrackCollectionViewCell.swift */ = {isa = PBXFileReference; lastKnownFileType = sourcecode.swift; path = AlbumTrackCollectionViewCell.swift; sourceTree = "<group>"; };
		1F9E16202C59088E00311FA7 /* AlbumTrackViewModel.swift */ = {isa = PBXFileReference; lastKnownFileType = sourcecode.swift; path = AlbumTrackViewModel.swift; sourceTree = "<group>"; };
		1FDC6F9A2C3D07A600DCC511 /* SpotifyCloneApp.app */ = {isa = PBXFileReference; explicitFileType = wrapper.application; includeInIndex = 0; path = SpotifyCloneApp.app; sourceTree = BUILT_PRODUCTS_DIR; };
		1FDC6F9D2C3D07A600DCC511 /* AppDelegate.swift */ = {isa = PBXFileReference; lastKnownFileType = sourcecode.swift; path = AppDelegate.swift; sourceTree = "<group>"; };
		1FDC6F9F2C3D07A600DCC511 /* SceneDelegate.swift */ = {isa = PBXFileReference; lastKnownFileType = sourcecode.swift; path = SceneDelegate.swift; sourceTree = "<group>"; };
		1FDC6FA12C3D07A600DCC511 /* HomeViewController.swift */ = {isa = PBXFileReference; lastKnownFileType = sourcecode.swift; path = HomeViewController.swift; sourceTree = "<group>"; };
		1FDC6FA72C3D07A600DCC511 /* SpotifyCloneApp.xcdatamodel */ = {isa = PBXFileReference; lastKnownFileType = wrapper.xcdatamodel; path = SpotifyCloneApp.xcdatamodel; sourceTree = "<group>"; };
		1FDC6FA92C3D07A700DCC511 /* Assets.xcassets */ = {isa = PBXFileReference; lastKnownFileType = folder.assetcatalog; path = Assets.xcassets; sourceTree = "<group>"; };
		1FDC6FAC2C3D07A700DCC511 /* Base */ = {isa = PBXFileReference; lastKnownFileType = file.storyboard; name = Base; path = Base.lproj/LaunchScreen.storyboard; sourceTree = "<group>"; };
		1FDC6FAE2C3D07A700DCC511 /* Info.plist */ = {isa = PBXFileReference; lastKnownFileType = text.plist.xml; path = Info.plist; sourceTree = "<group>"; };
		1FDC6FBB2C3DFC0F00DCC511 /* TabBarViewController.swift */ = {isa = PBXFileReference; lastKnownFileType = sourcecode.swift; path = TabBarViewController.swift; sourceTree = "<group>"; };
		1FDC6FBD2C3DFC5200DCC511 /* SearchViewController.swift */ = {isa = PBXFileReference; lastKnownFileType = sourcecode.swift; path = SearchViewController.swift; sourceTree = "<group>"; };
		1FDC6FBF2C3DFC6A00DCC511 /* LibraryViewController.swift */ = {isa = PBXFileReference; lastKnownFileType = sourcecode.swift; path = LibraryViewController.swift; sourceTree = "<group>"; };
		1FDC6FC32C3DFCB200DCC511 /* AuthViewController.swift */ = {isa = PBXFileReference; lastKnownFileType = sourcecode.swift; path = AuthViewController.swift; sourceTree = "<group>"; };
		1FDC6FC52C3DFCCC00DCC511 /* WelcomeViewController.swift */ = {isa = PBXFileReference; lastKnownFileType = sourcecode.swift; path = WelcomeViewController.swift; sourceTree = "<group>"; };
		1FDC6FC72C3DFCE400DCC511 /* SettingsViewController.swift */ = {isa = PBXFileReference; lastKnownFileType = sourcecode.swift; path = SettingsViewController.swift; sourceTree = "<group>"; };
		1FDC6FC92C3DFCF600DCC511 /* ProfileViewController.swift */ = {isa = PBXFileReference; lastKnownFileType = sourcecode.swift; path = ProfileViewController.swift; sourceTree = "<group>"; };
		1FDC6FCB2C3DFD0200DCC511 /* PlayerViewController.swift */ = {isa = PBXFileReference; lastKnownFileType = sourcecode.swift; path = PlayerViewController.swift; sourceTree = "<group>"; };
		1FDC6FCD2C3DFD1100DCC511 /* PlaylistViewController.swift */ = {isa = PBXFileReference; lastKnownFileType = sourcecode.swift; path = PlaylistViewController.swift; sourceTree = "<group>"; };
		1FDC6FCF2C3DFE4200DCC511 /* SearchResultsViewController.swift */ = {isa = PBXFileReference; lastKnownFileType = sourcecode.swift; path = SearchResultsViewController.swift; sourceTree = "<group>"; };
		1FDC6FD12C3DFE7900DCC511 /* AuthManager.swift */ = {isa = PBXFileReference; lastKnownFileType = sourcecode.swift; path = AuthManager.swift; sourceTree = "<group>"; };
		1FDC6FD32C3DFE8D00DCC511 /* APICaller.swift */ = {isa = PBXFileReference; lastKnownFileType = sourcecode.swift; path = APICaller.swift; sourceTree = "<group>"; };
		1FDC6FD52C3DFE9D00DCC511 /* HapticsManager.swift */ = {isa = PBXFileReference; lastKnownFileType = sourcecode.swift; path = HapticsManager.swift; sourceTree = "<group>"; };
		1FDC6FD72C3DFEC300DCC511 /* PlayList.swift */ = {isa = PBXFileReference; lastKnownFileType = sourcecode.swift; path = PlayList.swift; sourceTree = "<group>"; };
		1FDC6FD92C3DFEE700DCC511 /* AudioTrack.swift */ = {isa = PBXFileReference; lastKnownFileType = sourcecode.swift; path = AudioTrack.swift; sourceTree = "<group>"; };
		1FDC6FDB2C3DFF0200DCC511 /* Artist.swift */ = {isa = PBXFileReference; lastKnownFileType = sourcecode.swift; path = Artist.swift; sourceTree = "<group>"; };
		1FDC6FDD2C3DFF0E00DCC511 /* UserProfile.swift */ = {isa = PBXFileReference; lastKnownFileType = sourcecode.swift; path = UserProfile.swift; sourceTree = "<group>"; };
		1FDC6FDF2C3E0E5E00DCC511 /* Extensions.swift */ = {isa = PBXFileReference; lastKnownFileType = sourcecode.swift; path = Extensions.swift; sourceTree = "<group>"; };
		1FDC6FE12C42A6EF00DCC511 /* AuthResponse.swift */ = {isa = PBXFileReference; lastKnownFileType = sourcecode.swift; path = AuthResponse.swift; sourceTree = "<group>"; };
		9AFB948B600895F74211DCD6 /* Pods-SpotifyCloneApp.release.xcconfig */ = {isa = PBXFileReference; includeInIndex = 1; lastKnownFileType = text.xcconfig; name = "Pods-SpotifyCloneApp.release.xcconfig"; path = "Target Support Files/Pods-SpotifyCloneApp/Pods-SpotifyCloneApp.release.xcconfig"; sourceTree = "<group>"; };
		B1FAAEF8D40254C90599130E /* Pods-SpotifyCloneApp.debug.xcconfig */ = {isa = PBXFileReference; includeInIndex = 1; lastKnownFileType = text.xcconfig; name = "Pods-SpotifyCloneApp.debug.xcconfig"; path = "Target Support Files/Pods-SpotifyCloneApp/Pods-SpotifyCloneApp.debug.xcconfig"; sourceTree = "<group>"; };
		D1FF9E95753FEEB0101A8241 /* Pods_SpotifyCloneApp.framework */ = {isa = PBXFileReference; explicitFileType = wrapper.framework; includeInIndex = 0; path = Pods_SpotifyCloneApp.framework; sourceTree = BUILT_PRODUCTS_DIR; };
/* End PBXFileReference section */

/* Begin PBXFrameworksBuildPhase section */
		1FDC6F972C3D07A600DCC511 /* Frameworks */ = {
			isa = PBXFrameworksBuildPhase;
			buildActionMask = 2147483647;
			files = (
				E5A10CC08E7635DE4DB80784 /* Pods_SpotifyCloneApp.framework in Frameworks */,
			);
			runOnlyForDeploymentPostprocessing = 0;
		};
/* End PBXFrameworksBuildPhase section */

/* Begin PBXGroup section */
		0E92AE889E5C743AC5048D57 /* Pods */ = {
			isa = PBXGroup;
			children = (
				B1FAAEF8D40254C90599130E /* Pods-SpotifyCloneApp.debug.xcconfig */,
				9AFB948B600895F74211DCD6 /* Pods-SpotifyCloneApp.release.xcconfig */,
			);
			path = Pods;
			sourceTree = "<group>";
		};
		1F57DE682C4E796500E8CCBE /* Browse */ = {
			isa = PBXGroup;
			children = (
				1F57DE692C4E799800E8CCBE /* NewReleaseCollectionViewCell.swift */,
				1F57DE6B2C4E79F200E8CCBE /* FeaturedPlaylistCollectionViewCell.swift */,
				1F57DE6D2C4E7A1E00E8CCBE /* RecommendedTrackCollectionViewCell.swift */,
			);
			path = Browse;
			sourceTree = "<group>";
		};
		1F63F8862C79F00100FAE7F6 /* Library */ = {
			isa = PBXGroup;
			children = (
				1F63F8842C79EFCF00FAE7F6 /* LibraryPlaylistsViewController.swift */,
				1F63F8872C79F01F00FAE7F6 /* LibraryAlbumsViewController.swift */,
			);
			path = Library;
			sourceTree = "<group>";
		};
		1F725F102C6ED62F00C1AD2F /* SearchResultCells */ = {
			isa = PBXGroup;
			children = (
				1F725F112C6ED67200C1AD2F /* SearchResultDefaultTableViewCell.swift */,
				1F725F152C6EE16300C1AD2F /* SearchResultSubtitleTableViewCell.swift */,
			);
			path = SearchResultCells;
			sourceTree = "<group>";
		};
		1F725F192C70941100C1AD2F /* Presenter */ = {
			isa = PBXGroup;
			children = (
				1F725F1A2C70946D00C1AD2F /* PlaybackPresenter.swift */,
			);
			path = Presenter;
			sourceTree = "<group>";
		};
		1FDC6F912C3D07A600DCC511 = {
			isa = PBXGroup;
			children = (
				1FDC6F9C2C3D07A600DCC511 /* SpotifyCloneApp */,
				1FDC6F9B2C3D07A600DCC511 /* Products */,
				0E92AE889E5C743AC5048D57 /* Pods */,
				7A0C3BE84A73340FFAA3DA8F /* Frameworks */,
			);
			sourceTree = "<group>";
		};
		1FDC6F9B2C3D07A600DCC511 /* Products */ = {
			isa = PBXGroup;
			children = (
				1FDC6F9A2C3D07A600DCC511 /* SpotifyCloneApp.app */,
			);
			name = Products;
			sourceTree = "<group>";
		};
		1FDC6F9C2C3D07A600DCC511 /* SpotifyCloneApp */ = {
			isa = PBXGroup;
			children = (
				1F725F192C70941100C1AD2F /* Presenter */,
				1FDC6FBA2C3D080300DCC511 /* Resources */,
				1FDC6FB92C3D07F900DCC511 /* Managers */,
				1FDC6FB82C3D07EA00DCC511 /* ViewModels */,
				1FDC6FB72C3D07DE00DCC511 /* Models */,
				1FDC6FB52C3D07CA00DCC511 /* Views */,
				1FDC6FB42C3D07BE00DCC511 /* Controllers */,
				1FDC6FAE2C3D07A700DCC511 /* Info.plist */,
				1FDC6FA62C3D07A600DCC511 /* SpotifyCloneApp.xcdatamodeld */,
			);
			path = SpotifyCloneApp;
			sourceTree = "<group>";
		};
		1FDC6FB42C3D07BE00DCC511 /* Controllers */ = {
			isa = PBXGroup;
			children = (
				1FDC6FC22C3DFC9600DCC511 /* Other */,
				1FDC6FC12C3DFC8E00DCC511 /* Core */,
			);
			path = Controllers;
			sourceTree = "<group>";
		};
		1FDC6FB52C3D07CA00DCC511 /* Views */ = {
			isa = PBXGroup;
			children = (
				1F725F102C6ED62F00C1AD2F /* SearchResultCells */,
				1F57DE682C4E796500E8CCBE /* Browse */,
				1FDC6FAB2C3D07A700DCC511 /* LaunchScreen.storyboard */,
				1F72F2132C53C1C400A8FD67 /* PlaylistHeaderCollectionReusableView.swift */,
				1F63CF232C56656400821D6D /* TitleHeaderCollectionReusableView.swift */,
				1F9E161E2C59069500311FA7 /* AlbumTrackCollectionViewCell.swift */,
				1F6929022C5A62E000A93762 /* CategoryCollectionViewCell.swift */,
				1F725F1C2C7208C400C1AD2F /* PlayerControlsView.swift */,
				1F63F8892C79FADF00FAE7F6 /* LibraryToggleView.swift */,
				1F7391C72C7B449E003D367B /* ActionLabelView.swift */,
			);
			path = Views;
			sourceTree = "<group>";
		};
		1FDC6FB72C3D07DE00DCC511 /* Models */ = {
			isa = PBXGroup;
			children = (
				1FDC6FD72C3DFEC300DCC511 /* PlayList.swift */,
				1FDC6FD92C3DFEE700DCC511 /* AudioTrack.swift */,
				1FDC6FDB2C3DFF0200DCC511 /* Artist.swift */,
				1FDC6FDD2C3DFF0E00DCC511 /* UserProfile.swift */,
				1FDC6FE12C42A6EF00DCC511 /* AuthResponse.swift */,
				1F63C1F12C453BDD00CBEA2D /* SettingsModel.swift */,
				1F6ADFB32C47E2EF00B14C98 /* APIImage.swift */,
				1F60229F2C49211200A3E776 /* FeaturedPlaylistResponse.swift */,
				1F6022A12C4D11F100A3E776 /* RecommendedGenresResponse.swift */,
				1F6022A32C4D160200A3E776 /* RecommendationsResponse.swift */,
				1F6B516C2C5112300025D3F1 /* AlbumDetailsResponse.swift */,
				1F6ADFB12C47D36400B14C98 /* NewReleasesResponse.swift */,
				1F6B516E2C511D080025D3F1 /* PlaylistDetailsResponse.swift */,
				1F6266702C60E5EC001B77B0 /* CategoriesResponse.swift */,
				1F6607812C62504E00260964 /* SearchResultsResponse.swift */,
				1F59D0AE2C6782D5002F4D82 /* SearchResult.swift */,
				1F7391C52C7B41A4003D367B /* LibraryPlaylistsResponse.swift */,
				1F6CC5EB2C87235800907DD5 /* LibraryAlbumsResponse.swift */,
			);
			path = Models;
			sourceTree = "<group>";
		};
		1FDC6FB82C3D07EA00DCC511 /* ViewModels */ = {
			isa = PBXGroup;
			children = (
				1F57DE6F2C4E7BEB00E8CCBE /* NewReleasesCellViewModel.swift */,
				1F6B51662C50BD680025D3F1 /* FeaturedPlaylistCellViewModel.swift */,
				1F6B51682C50BDBB0025D3F1 /* RecommendedTrackCellViewModel.swift */,
				1F63CF212C5655E300821D6D /* PlaylistHeaderViewViewModel.swift */,
				1F9E16202C59088E00311FA7 /* AlbumTrackViewModel.swift */,
				1F6266722C60EC32001B77B0 /* CategoryCollectionViewCellViewModel.swift */,
				1F725F132C6ED91800C1AD2F /* SearchResultDefaultTableViewCellViewModel.swift */,
				1F725F172C6EE2BF00C1AD2F /* SearchResultSubtitleTableViewCellViewModel.swift */,
			);
			path = ViewModels;
			sourceTree = "<group>";
		};
		1FDC6FB92C3D07F900DCC511 /* Managers */ = {
			isa = PBXGroup;
			children = (
				1FDC6FD12C3DFE7900DCC511 /* AuthManager.swift */,
				1FDC6FD32C3DFE8D00DCC511 /* APICaller.swift */,
				1FDC6FD52C3DFE9D00DCC511 /* HapticsManager.swift */,
			);
			path = Managers;
			sourceTree = "<group>";
		};
		1FDC6FBA2C3D080300DCC511 /* Resources */ = {
			isa = PBXGroup;
			children = (
				1FDC6FA92C3D07A700DCC511 /* Assets.xcassets */,
				1FDC6F9D2C3D07A600DCC511 /* AppDelegate.swift */,
				1FDC6F9F2C3D07A600DCC511 /* SceneDelegate.swift */,
				1FDC6FDF2C3E0E5E00DCC511 /* Extensions.swift */,
			);
			path = Resources;
			sourceTree = "<group>";
		};
		1FDC6FC12C3DFC8E00DCC511 /* Core */ = {
			isa = PBXGroup;
			children = (
				1FDC6FBB2C3DFC0F00DCC511 /* TabBarViewController.swift */,
				1FDC6FA12C3D07A600DCC511 /* HomeViewController.swift */,
				1FDC6FBD2C3DFC5200DCC511 /* SearchViewController.swift */,
				1FDC6FBF2C3DFC6A00DCC511 /* LibraryViewController.swift */,
			);
			path = Core;
			sourceTree = "<group>";
		};
		1FDC6FC22C3DFC9600DCC511 /* Other */ = {
			isa = PBXGroup;
			children = (
				1F63F8862C79F00100FAE7F6 /* Library */,
				1FDC6FC32C3DFCB200DCC511 /* AuthViewController.swift */,
				1FDC6FC52C3DFCCC00DCC511 /* WelcomeViewController.swift */,
				1FDC6FC72C3DFCE400DCC511 /* SettingsViewController.swift */,
				1FDC6FC92C3DFCF600DCC511 /* ProfileViewController.swift */,
				1FDC6FCB2C3DFD0200DCC511 /* PlayerViewController.swift */,
				1FDC6FCD2C3DFD1100DCC511 /* PlaylistViewController.swift */,
				1FDC6FCF2C3DFE4200DCC511 /* SearchResultsViewController.swift */,
				1F6B516A2C510DE10025D3F1 /* AlbumViewController.swift */,
				1F6266742C60EE9B001B77B0 /* CategoryViewController.swift */,
			);
			path = Other;
			sourceTree = "<group>";
		};
		7A0C3BE84A73340FFAA3DA8F /* Frameworks */ = {
			isa = PBXGroup;
			children = (
				D1FF9E95753FEEB0101A8241 /* Pods_SpotifyCloneApp.framework */,
			);
			name = Frameworks;
			sourceTree = "<group>";
		};
/* End PBXGroup section */

/* Begin PBXNativeTarget section */
		1FDC6F992C3D07A600DCC511 /* SpotifyCloneApp */ = {
			isa = PBXNativeTarget;
			buildConfigurationList = 1FDC6FB12C3D07A700DCC511 /* Build configuration list for PBXNativeTarget "SpotifyCloneApp" */;
			buildPhases = (
				1480CB438FA712AF1DF1BA78 /* [CP] Check Pods Manifest.lock */,
				1FDC6F962C3D07A600DCC511 /* Sources */,
				1FDC6F972C3D07A600DCC511 /* Frameworks */,
				1FDC6F982C3D07A600DCC511 /* Resources */,
				4FD054556E609FE5A8C7D462 /* [CP] Embed Pods Frameworks */,
			);
			buildRules = (
			);
			dependencies = (
			);
			name = SpotifyCloneApp;
			productName = SpotifyCloneApp;
			productReference = 1FDC6F9A2C3D07A600DCC511 /* SpotifyCloneApp.app */;
			productType = "com.apple.product-type.application";
		};
/* End PBXNativeTarget section */

/* Begin PBXProject section */
		1FDC6F922C3D07A600DCC511 /* Project object */ = {
			isa = PBXProject;
			attributes = {
				BuildIndependentTargetsInParallel = 1;
				LastSwiftUpdateCheck = 1520;
				LastUpgradeCheck = 1520;
				TargetAttributes = {
					1FDC6F992C3D07A600DCC511 = {
						CreatedOnToolsVersion = 15.2;
					};
				};
			};
			buildConfigurationList = 1FDC6F952C3D07A600DCC511 /* Build configuration list for PBXProject "SpotifyCloneApp" */;
			compatibilityVersion = "Xcode 14.0";
			developmentRegion = en;
			hasScannedForEncodings = 0;
			knownRegions = (
				en,
				Base,
			);
			mainGroup = 1FDC6F912C3D07A600DCC511;
			productRefGroup = 1FDC6F9B2C3D07A600DCC511 /* Products */;
			projectDirPath = "";
			projectRoot = "";
			targets = (
				1FDC6F992C3D07A600DCC511 /* SpotifyCloneApp */,
			);
		};
/* End PBXProject section */

/* Begin PBXResourcesBuildPhase section */
		1FDC6F982C3D07A600DCC511 /* Resources */ = {
			isa = PBXResourcesBuildPhase;
			buildActionMask = 2147483647;
			files = (
				1FDC6FAD2C3D07A700DCC511 /* LaunchScreen.storyboard in Resources */,
				1FDC6FAA2C3D07A700DCC511 /* Assets.xcassets in Resources */,
			);
			runOnlyForDeploymentPostprocessing = 0;
		};
/* End PBXResourcesBuildPhase section */

/* Begin PBXShellScriptBuildPhase section */
		1480CB438FA712AF1DF1BA78 /* [CP] Check Pods Manifest.lock */ = {
			isa = PBXShellScriptBuildPhase;
			buildActionMask = 2147483647;
			files = (
			);
			inputFileListPaths = (
			);
			inputPaths = (
				"${PODS_PODFILE_DIR_PATH}/Podfile.lock",
				"${PODS_ROOT}/Manifest.lock",
			);
			name = "[CP] Check Pods Manifest.lock";
			outputFileListPaths = (
			);
			outputPaths = (
				"$(DERIVED_FILE_DIR)/Pods-SpotifyCloneApp-checkManifestLockResult.txt",
			);
			runOnlyForDeploymentPostprocessing = 0;
			shellPath = /bin/sh;
			shellScript = "diff \"${PODS_PODFILE_DIR_PATH}/Podfile.lock\" \"${PODS_ROOT}/Manifest.lock\" > /dev/null\nif [ $? != 0 ] ; then\n    # print error to STDERR\n    echo \"error: The sandbox is not in sync with the Podfile.lock. Run 'pod install' or update your CocoaPods installation.\" >&2\n    exit 1\nfi\n# This output is used by Xcode 'outputs' to avoid re-running this script phase.\necho \"SUCCESS\" > \"${SCRIPT_OUTPUT_FILE_0}\"\n";
			showEnvVarsInLog = 0;
		};
		4FD054556E609FE5A8C7D462 /* [CP] Embed Pods Frameworks */ = {
			isa = PBXShellScriptBuildPhase;
			buildActionMask = 2147483647;
			files = (
			);
			inputFileListPaths = (
				"${PODS_ROOT}/Target Support Files/Pods-SpotifyCloneApp/Pods-SpotifyCloneApp-frameworks-${CONFIGURATION}-input-files.xcfilelist",
			);
			name = "[CP] Embed Pods Frameworks";
			outputFileListPaths = (
				"${PODS_ROOT}/Target Support Files/Pods-SpotifyCloneApp/Pods-SpotifyCloneApp-frameworks-${CONFIGURATION}-output-files.xcfilelist",
			);
			runOnlyForDeploymentPostprocessing = 0;
			shellPath = /bin/sh;
			shellScript = "\"${PODS_ROOT}/Target Support Files/Pods-SpotifyCloneApp/Pods-SpotifyCloneApp-frameworks.sh\"\n";
			showEnvVarsInLog = 0;
		};
/* End PBXShellScriptBuildPhase section */

/* Begin PBXSourcesBuildPhase section */
		1FDC6F962C3D07A600DCC511 /* Sources */ = {
			isa = PBXSourcesBuildPhase;
			buildActionMask = 2147483647;
			files = (
				1F725F122C6ED67200C1AD2F /* SearchResultDefaultTableViewCell.swift in Sources */,
				1F57DE702C4E7BEB00E8CCBE /* NewReleasesCellViewModel.swift in Sources */,
				1F6266732C60EC32001B77B0 /* CategoryCollectionViewCellViewModel.swift in Sources */,
				1F63C1F22C453BDD00CBEA2D /* SettingsModel.swift in Sources */,
				1F57DE6A2C4E799800E8CCBE /* NewReleaseCollectionViewCell.swift in Sources */,
				1F57DE6E2C4E7A1E00E8CCBE /* RecommendedTrackCollectionViewCell.swift in Sources */,
				1F6B51692C50BDBB0025D3F1 /* RecommendedTrackCellViewModel.swift in Sources */,
				1F63F8882C79F01F00FAE7F6 /* LibraryAlbumsViewController.swift in Sources */,
				1F6B51672C50BD680025D3F1 /* FeaturedPlaylistCellViewModel.swift in Sources */,
				1F7391C82C7B449E003D367B /* ActionLabelView.swift in Sources */,
				1FDC6FBE2C3DFC5200DCC511 /* SearchViewController.swift in Sources */,
				1FDC6FDA2C3DFEE700DCC511 /* AudioTrack.swift in Sources */,
				1F63CF222C5655E300821D6D /* PlaylistHeaderViewViewModel.swift in Sources */,
				1FDC6FDE2C3DFF0E00DCC511 /* UserProfile.swift in Sources */,
				1F6022A22C4D11F100A3E776 /* RecommendedGenresResponse.swift in Sources */,
				1FDC6FA82C3D07A600DCC511 /* SpotifyCloneApp.xcdatamodeld in Sources */,
				1F6266712C60E5EC001B77B0 /* CategoriesResponse.swift in Sources */,
				1FDC6FA22C3D07A600DCC511 /* HomeViewController.swift in Sources */,
				1F725F1D2C7208C400C1AD2F /* PlayerControlsView.swift in Sources */,
				1F6B516B2C510DE10025D3F1 /* AlbumViewController.swift in Sources */,
				1F6ADFB42C47E2EF00B14C98 /* APIImage.swift in Sources */,
				1FDC6FC82C3DFCE400DCC511 /* SettingsViewController.swift in Sources */,
				1F6B516F2C511D080025D3F1 /* PlaylistDetailsResponse.swift in Sources */,
				1FDC6FD22C3DFE7900DCC511 /* AuthManager.swift in Sources */,
				1F63CF242C56656400821D6D /* TitleHeaderCollectionReusableView.swift in Sources */,
				1F725F142C6ED91800C1AD2F /* SearchResultDefaultTableViewCellViewModel.swift in Sources */,
				1FDC6FCE2C3DFD1100DCC511 /* PlaylistViewController.swift in Sources */,
				1F9E16212C59088E00311FA7 /* AlbumTrackViewModel.swift in Sources */,
				1FDC6FC62C3DFCCC00DCC511 /* WelcomeViewController.swift in Sources */,
				1FDC6FE02C3E0E5E00DCC511 /* Extensions.swift in Sources */,
				1FDC6FD42C3DFE8D00DCC511 /* APICaller.swift in Sources */,
				1F6CC5EC2C87235800907DD5 /* LibraryAlbumsResponse.swift in Sources */,
				1F6929032C5A62E000A93762 /* CategoryCollectionViewCell.swift in Sources */,
				1FDC6FD62C3DFE9D00DCC511 /* HapticsManager.swift in Sources */,
				1FDC6FD82C3DFEC300DCC511 /* PlayList.swift in Sources */,
				1F72F2142C53C1C400A8FD67 /* PlaylistHeaderCollectionReusableView.swift in Sources */,
				1F6B516D2C5112300025D3F1 /* AlbumDetailsResponse.swift in Sources */,
				1FDC6FCC2C3DFD0200DCC511 /* PlayerViewController.swift in Sources */,
				1F63F88A2C79FADF00FAE7F6 /* LibraryToggleView.swift in Sources */,
				1FDC6F9E2C3D07A600DCC511 /* AppDelegate.swift in Sources */,
				1FDC6FD02C3DFE4200DCC511 /* SearchResultsViewController.swift in Sources */,
				1F57DE6C2C4E79F200E8CCBE /* FeaturedPlaylistCollectionViewCell.swift in Sources */,
				1F725F182C6EE2BF00C1AD2F /* SearchResultSubtitleTableViewCellViewModel.swift in Sources */,
				1FDC6FCA2C3DFCF600DCC511 /* ProfileViewController.swift in Sources */,
				1F63F8852C79EFCF00FAE7F6 /* LibraryPlaylistsViewController.swift in Sources */,
				1F59D0AF2C6782D5002F4D82 /* SearchResult.swift in Sources */,
				1F6ADFB22C47D36400B14C98 /* NewReleasesResponse.swift in Sources */,
				1FDC6FC42C3DFCB200DCC511 /* AuthViewController.swift in Sources */,
				1F9E161F2C59069500311FA7 /* AlbumTrackCollectionViewCell.swift in Sources */,
				1F725F1B2C70946D00C1AD2F /* PlaybackPresenter.swift in Sources */,
				1FDC6FC02C3DFC6A00DCC511 /* LibraryViewController.swift in Sources */,
				1FDC6FBC2C3DFC0F00DCC511 /* TabBarViewController.swift in Sources */,
				1F6607822C62504E00260964 /* SearchResultsResponse.swift in Sources */,
				1F6022A02C49211200A3E776 /* FeaturedPlaylistResponse.swift in Sources */,
				1FDC6FDC2C3DFF0200DCC511 /* Artist.swift in Sources */,
				1F6266752C60EE9B001B77B0 /* CategoryViewController.swift in Sources */,
				1FDC6FE22C42A6EF00DCC511 /* AuthResponse.swift in Sources */,
				1F7391C62C7B41A4003D367B /* LibraryPlaylistsResponse.swift in Sources */,
				1FDC6FA02C3D07A600DCC511 /* SceneDelegate.swift in Sources */,
				1F725F162C6EE16300C1AD2F /* SearchResultSubtitleTableViewCell.swift in Sources */,
				1F6022A42C4D160200A3E776 /* RecommendationsResponse.swift in Sources */,
			);
			runOnlyForDeploymentPostprocessing = 0;
		};
/* End PBXSourcesBuildPhase section */

/* Begin PBXVariantGroup section */
		1FDC6FAB2C3D07A700DCC511 /* LaunchScreen.storyboard */ = {
			isa = PBXVariantGroup;
			children = (
				1FDC6FAC2C3D07A700DCC511 /* Base */,
			);
			name = LaunchScreen.storyboard;
			sourceTree = "<group>";
		};
/* End PBXVariantGroup section */

/* Begin XCBuildConfiguration section */
		1FDC6FAF2C3D07A700DCC511 /* Debug */ = {
			isa = XCBuildConfiguration;
			buildSettings = {
				ALWAYS_SEARCH_USER_PATHS = NO;
				ASSETCATALOG_COMPILER_GENERATE_SWIFT_ASSET_SYMBOL_EXTENSIONS = YES;
				CLANG_ANALYZER_NONNULL = YES;
				CLANG_ANALYZER_NUMBER_OBJECT_CONVERSION = YES_AGGRESSIVE;
				CLANG_CXX_LANGUAGE_STANDARD = "gnu++20";
				CLANG_ENABLE_MODULES = YES;
				CLANG_ENABLE_OBJC_ARC = YES;
				CLANG_ENABLE_OBJC_WEAK = YES;
				CLANG_WARN_BLOCK_CAPTURE_AUTORELEASING = YES;
				CLANG_WARN_BOOL_CONVERSION = YES;
				CLANG_WARN_COMMA = YES;
				CLANG_WARN_CONSTANT_CONVERSION = YES;
				CLANG_WARN_DEPRECATED_OBJC_IMPLEMENTATIONS = YES;
				CLANG_WARN_DIRECT_OBJC_ISA_USAGE = YES_ERROR;
				CLANG_WARN_DOCUMENTATION_COMMENTS = YES;
				CLANG_WARN_EMPTY_BODY = YES;
				CLANG_WARN_ENUM_CONVERSION = YES;
				CLANG_WARN_INFINITE_RECURSION = YES;
				CLANG_WARN_INT_CONVERSION = YES;
				CLANG_WARN_NON_LITERAL_NULL_CONVERSION = YES;
				CLANG_WARN_OBJC_IMPLICIT_RETAIN_SELF = YES;
				CLANG_WARN_OBJC_LITERAL_CONVERSION = YES;
				CLANG_WARN_OBJC_ROOT_CLASS = YES_ERROR;
				CLANG_WARN_QUOTED_INCLUDE_IN_FRAMEWORK_HEADER = YES;
				CLANG_WARN_RANGE_LOOP_ANALYSIS = YES;
				CLANG_WARN_STRICT_PROTOTYPES = YES;
				CLANG_WARN_SUSPICIOUS_MOVE = YES;
				CLANG_WARN_UNGUARDED_AVAILABILITY = YES_AGGRESSIVE;
				CLANG_WARN_UNREACHABLE_CODE = YES;
				CLANG_WARN__DUPLICATE_METHOD_MATCH = YES;
				COPY_PHASE_STRIP = NO;
				DEBUG_INFORMATION_FORMAT = dwarf;
				ENABLE_STRICT_OBJC_MSGSEND = YES;
				ENABLE_TESTABILITY = YES;
				ENABLE_USER_SCRIPT_SANDBOXING = YES;
				GCC_C_LANGUAGE_STANDARD = gnu17;
				GCC_DYNAMIC_NO_PIC = NO;
				GCC_NO_COMMON_BLOCKS = YES;
				GCC_OPTIMIZATION_LEVEL = 0;
				GCC_PREPROCESSOR_DEFINITIONS = (
					"DEBUG=1",
					"$(inherited)",
				);
				GCC_WARN_64_TO_32_BIT_CONVERSION = YES;
				GCC_WARN_ABOUT_RETURN_TYPE = YES_ERROR;
				GCC_WARN_UNDECLARED_SELECTOR = YES;
				GCC_WARN_UNINITIALIZED_AUTOS = YES_AGGRESSIVE;
				GCC_WARN_UNUSED_FUNCTION = YES;
				GCC_WARN_UNUSED_VARIABLE = YES;
				IPHONEOS_DEPLOYMENT_TARGET = 17.2;
				LOCALIZATION_PREFERS_STRING_CATALOGS = YES;
				MTL_ENABLE_DEBUG_INFO = INCLUDE_SOURCE;
				MTL_FAST_MATH = YES;
				ONLY_ACTIVE_ARCH = YES;
				SDKROOT = iphoneos;
				SWIFT_ACTIVE_COMPILATION_CONDITIONS = "DEBUG $(inherited)";
				SWIFT_OPTIMIZATION_LEVEL = "-Onone";
			};
			name = Debug;
		};
		1FDC6FB02C3D07A700DCC511 /* Release */ = {
			isa = XCBuildConfiguration;
			buildSettings = {
				ALWAYS_SEARCH_USER_PATHS = NO;
				ASSETCATALOG_COMPILER_GENERATE_SWIFT_ASSET_SYMBOL_EXTENSIONS = YES;
				CLANG_ANALYZER_NONNULL = YES;
				CLANG_ANALYZER_NUMBER_OBJECT_CONVERSION = YES_AGGRESSIVE;
				CLANG_CXX_LANGUAGE_STANDARD = "gnu++20";
				CLANG_ENABLE_MODULES = YES;
				CLANG_ENABLE_OBJC_ARC = YES;
				CLANG_ENABLE_OBJC_WEAK = YES;
				CLANG_WARN_BLOCK_CAPTURE_AUTORELEASING = YES;
				CLANG_WARN_BOOL_CONVERSION = YES;
				CLANG_WARN_COMMA = YES;
				CLANG_WARN_CONSTANT_CONVERSION = YES;
				CLANG_WARN_DEPRECATED_OBJC_IMPLEMENTATIONS = YES;
				CLANG_WARN_DIRECT_OBJC_ISA_USAGE = YES_ERROR;
				CLANG_WARN_DOCUMENTATION_COMMENTS = YES;
				CLANG_WARN_EMPTY_BODY = YES;
				CLANG_WARN_ENUM_CONVERSION = YES;
				CLANG_WARN_INFINITE_RECURSION = YES;
				CLANG_WARN_INT_CONVERSION = YES;
				CLANG_WARN_NON_LITERAL_NULL_CONVERSION = YES;
				CLANG_WARN_OBJC_IMPLICIT_RETAIN_SELF = YES;
				CLANG_WARN_OBJC_LITERAL_CONVERSION = YES;
				CLANG_WARN_OBJC_ROOT_CLASS = YES_ERROR;
				CLANG_WARN_QUOTED_INCLUDE_IN_FRAMEWORK_HEADER = YES;
				CLANG_WARN_RANGE_LOOP_ANALYSIS = YES;
				CLANG_WARN_STRICT_PROTOTYPES = YES;
				CLANG_WARN_SUSPICIOUS_MOVE = YES;
				CLANG_WARN_UNGUARDED_AVAILABILITY = YES_AGGRESSIVE;
				CLANG_WARN_UNREACHABLE_CODE = YES;
				CLANG_WARN__DUPLICATE_METHOD_MATCH = YES;
				COPY_PHASE_STRIP = NO;
				DEBUG_INFORMATION_FORMAT = "dwarf-with-dsym";
				ENABLE_NS_ASSERTIONS = NO;
				ENABLE_STRICT_OBJC_MSGSEND = YES;
				ENABLE_USER_SCRIPT_SANDBOXING = YES;
				GCC_C_LANGUAGE_STANDARD = gnu17;
				GCC_NO_COMMON_BLOCKS = YES;
				GCC_WARN_64_TO_32_BIT_CONVERSION = YES;
				GCC_WARN_ABOUT_RETURN_TYPE = YES_ERROR;
				GCC_WARN_UNDECLARED_SELECTOR = YES;
				GCC_WARN_UNINITIALIZED_AUTOS = YES_AGGRESSIVE;
				GCC_WARN_UNUSED_FUNCTION = YES;
				GCC_WARN_UNUSED_VARIABLE = YES;
				IPHONEOS_DEPLOYMENT_TARGET = 17.2;
				LOCALIZATION_PREFERS_STRING_CATALOGS = YES;
				MTL_ENABLE_DEBUG_INFO = NO;
				MTL_FAST_MATH = YES;
				SDKROOT = iphoneos;
				SWIFT_COMPILATION_MODE = wholemodule;
				VALIDATE_PRODUCT = YES;
			};
			name = Release;
		};
		1FDC6FB22C3D07A700DCC511 /* Debug */ = {
			isa = XCBuildConfiguration;
			baseConfigurationReference = B1FAAEF8D40254C90599130E /* Pods-SpotifyCloneApp.debug.xcconfig */;
			buildSettings = {
				ASSETCATALOG_COMPILER_APPICON_NAME = AppIcon;
				ASSETCATALOG_COMPILER_GLOBAL_ACCENT_COLOR_NAME = AccentColor;
				CODE_SIGN_STYLE = Automatic;
				CURRENT_PROJECT_VERSION = 1;
				DEVELOPMENT_TEAM = Q525VM2ADX;
				ENABLE_USER_SCRIPT_SANDBOXING = NO;
				GENERATE_INFOPLIST_FILE = YES;
				INFOPLIST_FILE = SpotifyCloneApp/Info.plist;
				INFOPLIST_KEY_UIApplicationSupportsIndirectInputEvents = YES;
				INFOPLIST_KEY_UILaunchStoryboardName = LaunchScreen;
				INFOPLIST_KEY_UISupportedInterfaceOrientations_iPad = "UIInterfaceOrientationPortrait UIInterfaceOrientationPortraitUpsideDown UIInterfaceOrientationLandscapeLeft UIInterfaceOrientationLandscapeRight";
				INFOPLIST_KEY_UISupportedInterfaceOrientations_iPhone = "UIInterfaceOrientationPortrait UIInterfaceOrientationLandscapeLeft UIInterfaceOrientationLandscapeRight";
				LD_RUNPATH_SEARCH_PATHS = (
					"$(inherited)",
					"@executable_path/Frameworks",
				);
				MARKETING_VERSION = 1.0;
				PRODUCT_BUNDLE_IDENTIFIER = kadiryildiz.SpotifyCloneApp;
				PRODUCT_NAME = "$(TARGET_NAME)";
				SWIFT_EMIT_LOC_STRINGS = YES;
				SWIFT_VERSION = 5.0;
				TARGETED_DEVICE_FAMILY = "1,2";
			};
			name = Debug;
		};
		1FDC6FB32C3D07A700DCC511 /* Release */ = {
			isa = XCBuildConfiguration;
			baseConfigurationReference = 9AFB948B600895F74211DCD6 /* Pods-SpotifyCloneApp.release.xcconfig */;
			buildSettings = {
				ASSETCATALOG_COMPILER_APPICON_NAME = AppIcon;
				ASSETCATALOG_COMPILER_GLOBAL_ACCENT_COLOR_NAME = AccentColor;
				CODE_SIGN_STYLE = Automatic;
				CURRENT_PROJECT_VERSION = 1;
				DEVELOPMENT_TEAM = Q525VM2ADX;
				ENABLE_USER_SCRIPT_SANDBOXING = NO;
				GENERATE_INFOPLIST_FILE = YES;
				INFOPLIST_FILE = SpotifyCloneApp/Info.plist;
				INFOPLIST_KEY_UIApplicationSupportsIndirectInputEvents = YES;
				INFOPLIST_KEY_UILaunchStoryboardName = LaunchScreen;
				INFOPLIST_KEY_UISupportedInterfaceOrientations_iPad = "UIInterfaceOrientationPortrait UIInterfaceOrientationPortraitUpsideDown UIInterfaceOrientationLandscapeLeft UIInterfaceOrientationLandscapeRight";
				INFOPLIST_KEY_UISupportedInterfaceOrientations_iPhone = "UIInterfaceOrientationPortrait UIInterfaceOrientationLandscapeLeft UIInterfaceOrientationLandscapeRight";
				LD_RUNPATH_SEARCH_PATHS = (
					"$(inherited)",
					"@executable_path/Frameworks",
				);
				MARKETING_VERSION = 1.0;
				PRODUCT_BUNDLE_IDENTIFIER = kadiryildiz.SpotifyCloneApp;
				PRODUCT_NAME = "$(TARGET_NAME)";
				SWIFT_EMIT_LOC_STRINGS = YES;
				SWIFT_VERSION = 5.0;
				TARGETED_DEVICE_FAMILY = "1,2";
			};
			name = Release;
		};
/* End XCBuildConfiguration section */

/* Begin XCConfigurationList section */
		1FDC6F952C3D07A600DCC511 /* Build configuration list for PBXProject "SpotifyCloneApp" */ = {
			isa = XCConfigurationList;
			buildConfigurations = (
				1FDC6FAF2C3D07A700DCC511 /* Debug */,
				1FDC6FB02C3D07A700DCC511 /* Release */,
			);
			defaultConfigurationIsVisible = 0;
			defaultConfigurationName = Release;
		};
		1FDC6FB12C3D07A700DCC511 /* Build configuration list for PBXNativeTarget "SpotifyCloneApp" */ = {
			isa = XCConfigurationList;
			buildConfigurations = (
				1FDC6FB22C3D07A700DCC511 /* Debug */,
				1FDC6FB32C3D07A700DCC511 /* Release */,
			);
			defaultConfigurationIsVisible = 0;
			defaultConfigurationName = Release;
		};
/* End XCConfigurationList section */

/* Begin XCVersionGroup section */
		1FDC6FA62C3D07A600DCC511 /* SpotifyCloneApp.xcdatamodeld */ = {
			isa = XCVersionGroup;
			children = (
				1FDC6FA72C3D07A600DCC511 /* SpotifyCloneApp.xcdatamodel */,
			);
			currentVersion = 1FDC6FA72C3D07A600DCC511 /* SpotifyCloneApp.xcdatamodel */;
			path = SpotifyCloneApp.xcdatamodeld;
			sourceTree = "<group>";
			versionGroupType = wrapper.xcdatamodel;
		};
/* End XCVersionGroup section */
	};
	rootObject = 1FDC6F922C3D07A600DCC511 /* Project object */;
}
